// !$*UTF8*$!
{
	archiveVersion = 1;
	classes = {
	};
	objectVersion = 46;
	objects = {

/* Begin PBXContainerItemProxy section */
		D0BFA6C31C76CAF1000763F8 /* PBXContainerItemProxy */ = {
			isa = PBXContainerItemProxy;
			containerPortal = D0BFA6A61C76CAEF000763F8 /* Project object */;
			proxyType = 1;
			remoteGlobalIDString = D0BFA6AD1C76CAEF000763F8;
			remoteInfo = Reto2;
		};
		D0BFA6CE1C76CAF1000763F8 /* PBXContainerItemProxy */ = {
			isa = PBXContainerItemProxy;
			containerPortal = D0BFA6A61C76CAEF000763F8 /* Project object */;
			proxyType = 1;
			remoteGlobalIDString = D0BFA6AD1C76CAEF000763F8;
			remoteInfo = Reto2;
		};
/* End PBXContainerItemProxy section */

/* Begin PBXFileReference section */
		D0BFA6AE1C76CAF0000763F8 /* Reto2.app */ = {isa = PBXFileReference; explicitFileType = wrapper.application; includeInIndex = 0; name = Reto2.app; path = "/Users/Saint_Remy/Desktop/iOS/Reto2/build/Debug-iphoneos/Reto2.app"; sourceTree = "<absolute>"; };
		D0BFA6C21C76CAF1000763F8 /* Reto2Tests.xctest */ = {isa = PBXFileReference; explicitFileType = wrapper.cfbundle; includeInIndex = 0; name = Reto2Tests.xctest; path = "/Users/Saint_Remy/Desktop/iOS/Reto2/build/Debug-iphoneos/Reto2Tests.xctest"; sourceTree = "<absolute>"; };
		D0BFA6CD1C76CAF1000763F8 /* Reto2UITests.xctest */ = {isa = PBXFileReference; explicitFileType = wrapper.cfbundle; includeInIndex = 0; name = Reto2UITests.xctest; path = "/Users/Saint_Remy/Desktop/iOS/Reto2/build/Debug-iphoneos/Reto2UITests.xctest"; sourceTree = "<absolute>"; };
		D0BFA6DF1C76CB63000763F8 /* Auto.playground */ = {isa = PBXFileReference; lastKnownFileType = file.playground; path = Auto.playground; sourceTree = "<group>"; };
/* End PBXFileReference section */

/* Begin PBXFrameworksBuildPhase section */
		D0BFA6AB1C76CAEF000763F8 /* Frameworks */ = {
			isa = PBXFrameworksBuildPhase;
			buildActionMask = 2147483647;
			files = (
			);
			runOnlyForDeploymentPostprocessing = 0;
		};
		D0BFA6BF1C76CAF1000763F8 /* Frameworks */ = {
			isa = PBXFrameworksBuildPhase;
			buildActionMask = 2147483647;
			files = (
			);
			runOnlyForDeploymentPostprocessing = 0;
		};
		D0BFA6CA1C76CAF1000763F8 /* Frameworks */ = {
			isa = PBXFrameworksBuildPhase;
			buildActionMask = 2147483647;
			files = (
			);
			runOnlyForDeploymentPostprocessing = 0;
		};
/* End PBXFrameworksBuildPhase section */

/* Begin PBXGroup section */
		D0BFA6A51C76CAEF000763F8 = {
			isa = PBXGroup;
			children = (
				D0BFA6DF1C76CB63000763F8 /* Auto.playground */,
			);
			sourceTree = "<group>";
		};
/* End PBXGroup section */

/* Begin PBXNativeTarget section */
		D0BFA6AD1C76CAEF000763F8 /* Reto2 */ = {
			isa = PBXNativeTarget;
			buildConfigurationList = D0BFA6D61C76CAF1000763F8 /* Build configuration list for PBXNativeTarget "Reto2" */;
			buildPhases = (
				D0BFA6AA1C76CAEF000763F8 /* Sources */,
				D0BFA6AB1C76CAEF000763F8 /* Frameworks */,
				D0BFA6AC1C76CAEF000763F8 /* Resources */,
			);
			buildRules = (
			);
			dependencies = (
			);
			name = Reto2;
			productName = Reto2;
			productReference = D0BFA6AE1C76CAF0000763F8 /* Reto2.app */;
			productType = "com.apple.product-type.application";
		};
		D0BFA6C11C76CAF1000763F8 /* Reto2Tests */ = {
			isa = PBXNativeTarget;
			buildConfigurationList = D0BFA6D91C76CAF1000763F8 /* Build configuration list for PBXNativeTarget "Reto2Tests" */;
			buildPhases = (
				D0BFA6BE1C76CAF1000763F8 /* Sources */,
				D0BFA6BF1C76CAF1000763F8 /* Frameworks */,
				D0BFA6C01C76CAF1000763F8 /* Resources */,
			);
			buildRules = (
			);
			dependencies = (
				D0BFA6C41C76CAF1000763F8 /* PBXTargetDependency */,
			);
			name = Reto2Tests;
			productName = Reto2Tests;
			productReference = D0BFA6C21C76CAF1000763F8 /* Reto2Tests.xctest */;
			productType = "com.apple.product-type.bundle.unit-test";
		};
		D0BFA6CC1C76CAF1000763F8 /* Reto2UITests */ = {
			isa = PBXNativeTarget;
			buildConfigurationList = D0BFA6DC1C76CAF1000763F8 /* Build configuration list for PBXNativeTarget "Reto2UITests" */;
			buildPhases = (
				D0BFA6C91C76CAF1000763F8 /* Sources */,
				D0BFA6CA1C76CAF1000763F8 /* Frameworks */,
				D0BFA6CB1C76CAF1000763F8 /* Resources */,
			);
			buildRules = (
			);
			dependencies = (
				D0BFA6CF1C76CAF1000763F8 /* PBXTargetDependency */,
			);
			name = Reto2UITests;
			productName = Reto2UITests;
			productReference = D0BFA6CD1C76CAF1000763F8 /* Reto2UITests.xctest */;
			productType = "com.apple.product-type.bundle.ui-testing";
		};
/* End PBXNativeTarget section */

/* Begin PBXProject section */
		D0BFA6A61C76CAEF000763F8 /* Project object */ = {
			isa = PBXProject;
			attributes = {
				LastSwiftUpdateCheck = 0730;
				LastUpgradeCheck = 0730;
				ORGANIZATIONNAME = "Saint Remy";
				TargetAttributes = {
					D0BFA6AD1C76CAEF000763F8 = {
						CreatedOnToolsVersion = 7.3;
					};
					D0BFA6C11C76CAF1000763F8 = {
						CreatedOnToolsVersion = 7.3;
						TestTargetID = D0BFA6AD1C76CAEF000763F8;
					};
					D0BFA6CC1C76CAF1000763F8 = {
						CreatedOnToolsVersion = 7.3;
						TestTargetID = D0BFA6AD1C76CAEF000763F8;
					};
				};
			};
			buildConfigurationList = D0BFA6A91C76CAEF000763F8 /* Build configuration list for PBXProject "Reto2" */;
			compatibilityVersion = "Xcode 3.2";
			developmentRegion = English;
			hasScannedForEncodings = 0;
			knownRegions = (
				en,
				Base,
			);
			mainGroup = D0BFA6A51C76CAEF000763F8;
			productRefGroup = D0BFA6A51C76CAEF000763F8;
			projectDirPath = "";
			projectRoot = "";
			targets = (
				D0BFA6AD1C76CAEF000763F8 /* Reto2 */,
				D0BFA6C11C76CAF1000763F8 /* Reto2Tests */,
				D0BFA6CC1C76CAF1000763F8 /* Reto2UITests */,
			);
		};
/* End PBXProject section */

/* Begin PBXResourcesBuildPhase section */
		D0BFA6AC1C76CAEF000763F8 /* Resources */ = {
			isa = PBXResourcesBuildPhase;
			buildActionMask = 2147483647;
			files = (
			);
			runOnlyForDeploymentPostprocessing = 0;
		};
		D0BFA6C01C76CAF1000763F8 /* Resources */ = {
			isa = PBXResourcesBuildPhase;
			buildActionMask = 2147483647;
			files = (
			);
			runOnlyForDeploymentPostprocessing = 0;
		};
		D0BFA6CB1C76CAF1000763F8 /* Resources */ = {
			isa = PBXResourcesBuildPhase;
			buildActionMask = 2147483647;
			files = (
			);
			runOnlyForDeploymentPostprocessing = 0;
		};
/* End PBXResourcesBuildPhase section */

/* Begin PBXSourcesBuildPhase section */
		D0BFA6AA1C76CAEF000763F8 /* Sources */ = {
			isa = PBXSourcesBuildPhase;
			buildActionMask = 2147483647;
			files = (
			);
			runOnlyForDeploymentPostprocessing = 0;
		};
		D0BFA6BE1C76CAF1000763F8 /* Sources */ = {
			isa = PBXSourcesBuildPhase;
			buildActionMask = 2147483647;
			files = (
			);
			runOnlyForDeploymentPostprocessing = 0;
		};
		D0BFA6C91C76CAF1000763F8 /* Sources */ = {
			isa = PBXSourcesBuildPhase;
			buildActionMask = 2147483647;
			files = (
			);
			runOnlyForDeploymentPostprocessing = 0;
		};
/* End PBXSourcesBuildPhase section */

/* Begin PBXTargetDependency section */
		D0BFA6C41C76CAF1000763F8 /* PBXTargetDependency */ = {
			isa = PBXTargetDependency;
			target = D0BFA6AD1C76CAEF000763F8 /* Reto2 */;
			targetProxy = D0BFA6C31C76CAF1000763F8 /* PBXContainerItemProxy */;
		};
		D0BFA6CF1C76CAF1000763F8 /* PBXTargetDependency */ = {
			isa = PBXTargetDependency;
			target = D0BFA6AD1C76CAEF000763F8 /* Reto2 */;
			targetProxy = D0BFA6CE1C76CAF1000763F8 /* PBXContainerItemProxy */;
		};
/* End PBXTargetDependency section */

/* Begin XCBuildConfiguration section */
		D0BFA6D41C76CAF1000763F8 /* Debug */ = {
			isa = XCBuildConfiguration;
			buildSettings = {
				ALWAYS_SEARCH_USER_PATHS = NO;
				CLANG_ANALYZER_NONNULL = YES;
				CLANG_CXX_LANGUAGE_STANDARD = "gnu++0x";
				CLANG_CXX_LIBRARY = "libc++";
				CLANG_ENABLE_MODULES = YES;
				CLANG_ENABLE_OBJC_ARC = YES;
				CLANG_WARN_BOOL_CONVERSION = YES;
				CLANG_WARN_CONSTANT_CONVERSION = YES;
				CLANG_WARN_DIRECT_OBJC_ISA_USAGE = YES_ERROR;
				CLANG_WARN_EMPTY_BODY = YES;
				CLANG_WARN_ENUM_CONVERSION = YES;
				CLANG_WARN_INT_CONVERSION = YES;
				CLANG_WARN_OBJC_ROOT_CLASS = YES_ERROR;
				CLANG_WARN_UNREACHABLE_CODE = YES;
				CLANG_WARN__DUPLICATE_METHOD_MATCH = YES;
				"CODE_SIGN_IDENTITY[sdk=iphoneos*]" = "iPhone Developer";
				COPY_PHASE_STRIP = NO;
				DEBUG_INFORMATION_FORMAT = dwarf;
				ENABLE_STRICT_OBJC_MSGSEND = YES;
				ENABLE_TESTABILITY = YES;
				GCC_C_LANGUAGE_STANDARD = gnu99;
				GCC_DYNAMIC_NO_PIC = NO;
				GCC_NO_COMMON_BLOCKS = YES;
				GCC_OPTIMIZATION_LEVEL = 0;
				GCC_PREPROCESSOR_DEFINITIONS = (
					"DEBUG=1",
					"$(inherited)",
				);
				GCC_WARN_64_TO_32_BIT_CONVERSION = YES;
				GCC_WARN_ABOUT_RETURN_TYPE = YES_ERROR;
				GCC_WARN_UNDECLARED_SELECTOR = YES;
				GCC_WARN_UNINITIALIZED_AUTOS = YES_AGGRESSIVE;
				GCC_WARN_UNUSED_FUNCTION = YES;
				GCC_WARN_UNUSED_VARIABLE = YES;
				IPHONEOS_DEPLOYMENT_TARGET = 9.3;
				MTL_ENABLE_DEBUG_INFO = YES;
				ONLY_ACTIVE_ARCH = YES;
				SDKROOT = iphoneos;
				SWIFT_OPTIMIZATION_LEVEL = "-Onone";
				TARGETED_DEVICE_FAMILY = "1,2";
			};
			name = Debug;
		};
		D0BFA6D51C76CAF1000763F8 /* Release */ = {
			isa = XCBuildConfiguration;
			buildSettings = {
				ALWAYS_SEARCH_USER_PATHS = NO;
				CLANG_ANALYZER_NONNULL = YES;
				CLANG_CXX_LANGUAGE_STANDARD = "gnu++0x";
				CLANG_CXX_LIBRARY = "libc++";
				CLANG_ENABLE_MODULES = YES;
				CLANG_ENABLE_OBJC_ARC = YES;
				CLANG_WARN_BOOL_CONVERSION = YES;
				CLANG_WARN_CONSTANT_CONVERSION = YES;
				CLANG_WARN_DIRECT_OBJC_ISA_USAGE = YES_ERROR;
				CLANG_WARN_EMPTY_BODY = YES;
				CLANG_WARN_ENUM_CONVERSION = YES;
				CLANG_WARN_INT_CONVERSION = YES;
				CLANG_WARN_OBJC_ROOT_CLASS = YES_ERROR;
				CLANG_WARN_UNREACHABLE_CODE = YES;
				CLANG_WARN__DUPLICATE_METHOD_MATCH = YES;
				"CODE_SIGN_IDENTITY[sdk=iphoneos*]" = "iPhone Developer";
				COPY_PHASE_STRIP = NO;
				DEBUG_INFORMATION_FORMAT = "dwarf-with-dsym";
				ENABLE_NS_ASSERTIONS = NO;
				ENABLE_STRICT_OBJC_MSGSEND = YES;
				GCC_C_LANGUAGE_STANDARD = gnu99;
				GCC_NO_COMMON_BLOCKS = YES;
				GCC_WARN_64_TO_32_BIT_CONVERSION = YES;
				GCC_WARN_ABOUT_RETURN_TYPE = YES_ERROR;
				GCC_WARN_UNDECLARED_SELECTOR = YES;
				GCC_WARN_UNINITIALIZED_AUTOS = YES_AGGRESSIVE;
				GCC_WARN_UNUSED_FUNCTION = YES;
				GCC_WARN_UNUSED_VARIABLE = YES;
				IPHONEOS_DEPLOYMENT_TARGET = 9.3;
				MTL_ENABLE_DEBUG_INFO = NO;
				SDKROOT = iphoneos;
				TARGETED_DEVICE_FAMILY = "1,2";
				VALIDATE_PRODUCT = YES;
			};
			name = Release;
		};
		D0BFA6D71C76CAF1000763F8 /* Debug */ = {
			isa = XCBuildConfiguration;
			buildSettings = {
				ASSETCATALOG_COMPILER_APPICON_NAME = AppIcon;
				INFOPLIST_FILE = Reto2/Info.plist;
				LD_RUNPATH_SEARCH_PATHS = "$(inherited) @executable_path/Frameworks";
				PRODUCT_BUNDLE_IDENTIFIER = FiiDEM.Reto2;
				PRODUCT_NAME = "$(TARGET_NAME)";
			};
			name = Debug;
		};
		D0BFA6D81C76CAF1000763F8 /* Release */ = {
			isa = XCBuildConfiguration;
			buildSettings = {
				ASSETCATALOG_COMPILER_APPICON_NAME = AppIcon;
				INFOPLIST_FILE = Reto2/Info.plist;
				LD_RUNPATH_SEARCH_PATHS = "$(inherited) @executable_path/Frameworks";
				PRODUCT_BUNDLE_IDENTIFIER = FiiDEM.Reto2;
				PRODUCT_NAME = "$(TARGET_NAME)";
			};
			name = Release;
		};
		D0BFA6DA1C76CAF1000763F8 /* Debug */ = {
			isa = XCBuildConfiguration;
			buildSettings = {
				BUNDLE_LOADER = "$(TEST_HOST)";
				INFOPLIST_FILE = Reto2Tests/Info.plist;
				LD_RUNPATH_SEARCH_PATHS = "$(inherited) @executable_path/Frameworks @loader_path/Frameworks";
				PRODUCT_BUNDLE_IDENTIFIER = FiiDEM.Reto2Tests;
				PRODUCT_NAME = "$(TARGET_NAME)";
				TEST_HOST = "$(BUILT_PRODUCTS_DIR)/Reto2.app/Reto2";
			};
			name = Debug;
		};
		D0BFA6DB1C76CAF1000763F8 /* Release */ = {
			isa = XCBuildConfiguration;
			buildSettings = {
				BUNDLE_LOADER = "$(TEST_HOST)";
				INFOPLIST_FILE = Reto2Tests/Info.plist;
				LD_RUNPATH_SEARCH_PATHS = "$(inherited) @executable_path/Frameworks @loader_path/Frameworks";
				PRODUCT_BUNDLE_IDENTIFIER = FiiDEM.Reto2Tests;
				PRODUCT_NAME = "$(TARGET_NAME)";
				TEST_HOST = "$(BUILT_PRODUCTS_DIR)/Reto2.app/Reto2";
			};
			name = Release;
		};
		D0BFA6DD1C76CAF1000763F8 /* Debug */ = {
			isa = XCBuildConfiguration;
			buildSettings = {
				INFOPLIST_FILE = Reto2UITests/Info.plist;
				LD_RUNPATH_SEARCH_PATHS = "$(inherited) @executable_path/Frameworks @loader_path/Frameworks";
				PRODUCT_BUNDLE_IDENTIFIER = FiiDEM.Reto2UITests;
				PRODUCT_NAME = "$(TARGET_NAME)";
				TEST_TARGET_NAME = Reto2;
			};
			name = Debug;
		};
		D0BFA6DE1C76CAF1000763F8 /* Release */ = {
			isa = XCBuildConfiguration;
			buildSettings = {
				INFOPLIST_FILE = Reto2UITests/Info.plist;
				LD_RUNPATH_SEARCH_PATHS = "$(inherited) @executable_path/Frameworks @loader_path/Frameworks";
				PRODUCT_BUNDLE_IDENTIFIER = FiiDEM.Reto2UITests;
				PRODUCT_NAME = "$(TARGET_NAME)";
				TEST_TARGET_NAME = Reto2;
			};
			name = Release;
		};
/* End XCBuildConfiguration section */

/* Begin XCConfigurationList section */
		D0BFA6A91C76CAEF000763F8 /* Build configuration list for PBXProject "Reto2" */ = {
			isa = XCConfigurationList;
			buildConfigurations = (
				D0BFA6D41C76CAF1000763F8 /* Debug */,
				D0BFA6D51C76CAF1000763F8 /* Release */,
			);
			defaultConfigurationIsVisible = 0;
			defaultConfigurationName = Release;
		};
		D0BFA6D61C76CAF1000763F8 /* Build configuration list for PBXNativeTarget "Reto2" */ = {
			isa = XCConfigurationList;
			buildConfigurations = (
				D0BFA6D71C76CAF1000763F8 /* Debug */,
				D0BFA6D81C76CAF1000763F8 /* Release */,
			);
			defaultConfigurationIsVisible = 0;
		};
		D0BFA6D91C76CAF1000763F8 /* Build configuration list for PBXNativeTarget "Reto2Tests" */ = {
			isa = XCConfigurationList;
			buildConfigurations = (
				D0BFA6DA1C76CAF1000763F8 /* Debug */,
				D0BFA6DB1C76CAF1000763F8 /* Release */,
			);
			defaultConfigurationIsVisible = 0;
		};
		D0BFA6DC1C76CAF1000763F8 /* Build configuration list for PBXNativeTarget "Reto2UITests" */ = {
			isa = XCConfigurationList;
			buildConfigurations = (
				D0BFA6DD1C76CAF1000763F8 /* Debug */,
				D0BFA6DE1C76CAF1000763F8 /* Release */,
			);
			defaultConfigurationIsVisible = 0;
		};
/* End XCConfigurationList section */
	};
	rootObject = D0BFA6A61C76CAEF000763F8 /* Project object */;
}
